
Microsoft Visual Studio Solution File, Format Version 12.00
# Visual Studio Version 17
VisualStudioVersion = 17.13.35919.96
MinimumVisualStudioVersion = 10.0.40219.1
Project("{FAE04EC0-301F-11D3-BF4B-00C04F79EFBC}") = "StoreApiFrontEnd", "StoreApiFrontEnd\StoreApiFrontEnd.csproj", "{0EF29F0A-B4FD-421C-9462-3D7A61BB3EE2}"
EndProject
Project("{FAE04EC0-301F-11D3-BF4B-00C04F79EFBC}") = "StoreApi", "..\StoreApi\StoreApi\StoreApi.csproj", "{2F51C429-EBA3-5A78-FDC2-74FB62237AF1}"
EndProject
Global
	GlobalSection(SolutionConfigurationPlatforms) = preSolution
		Debug|Any CPU = Debug|Any CPU
		Release|Any CPU = Release|Any CPU
	EndGlobalSection
	GlobalSection(ProjectConfigurationPlatforms) = postSolution
		{0EF29F0A-B4FD-421C-9462-3D7A61BB3EE2}.Debug|Any CPU.ActiveCfg = Debug|Any CPU
		{0EF29F0A-B4FD-421C-9462-3D7A61BB3EE2}.Debug|Any CPU.Build.0 = Debug|Any CPU
		{0EF29F0A-B4FD-421C-9462-3D7A61BB3EE2}.Release|Any CPU.ActiveCfg = Release|Any CPU
		{0EF29F0A-B4FD-421C-9462-3D7A61BB3EE2}.Release|Any CPU.Build.0 = Release|Any CPU
		{2F51C429-EBA3-5A78-FDC2-74FB62237AF1}.Debug|Any CPU.ActiveCfg = Debug|Any CPU
		{2F51C429-EBA3-5A78-FDC2-74FB62237AF1}.Debug|Any CPU.Build.0 = Debug|Any CPU
		{2F51C429-EBA3-5A78-FDC2-74FB62237AF1}.Release|Any CPU.ActiveCfg = Release|Any CPU
		{2F51C429-EBA3-5A78-FDC2-74FB62237AF1}.Release|Any CPU.Build.0 = Release|Any CPU
	EndGlobalSection
	GlobalSection(SolutionProperties) = preSolution
		HideSolutionNode = FALSE
	EndGlobalSection
	GlobalSection(ExtensibilityGlobals) = postSolution
		SolutionGuid = {2740797F-F8C5-4726-A59A-F0663192E81D}
	EndGlobalSection
EndGlobal
